// !$*UTF8*$!
{
	archiveVersion = 1;
	classes = {
	};
	objectVersion = 56;
	objects = {

/* Begin PBXBuildFile section */
		F23187382BD2DFC100BABE40 /* AppDelegate.swift in Sources */ = {isa = PBXBuildFile; fileRef = F23187372BD2DFC100BABE40 /* AppDelegate.swift */; };
		F231873A2BD2DFC100BABE40 /* SceneDelegate.swift in Sources */ = {isa = PBXBuildFile; fileRef = F23187392BD2DFC100BABE40 /* SceneDelegate.swift */; };
		F231873C2BD2DFC100BABE40 /* ViewController.swift in Sources */ = {isa = PBXBuildFile; fileRef = F231873B2BD2DFC100BABE40 /* ViewController.swift */; };
		F231873F2BD2DFC100BABE40 /* Main.storyboard in Resources */ = {isa = PBXBuildFile; fileRef = F231873D2BD2DFC100BABE40 /* Main.storyboard */; };
		F23187422BD2DFC100BABE40 /* IT21041648.xcdatamodeld in Sources */ = {isa = PBXBuildFile; fileRef = F23187402BD2DFC100BABE40 /* IT21041648.xcdatamodeld */; };
		F23187442BD2DFC300BABE40 /* Assets.xcassets in Resources */ = {isa = PBXBuildFile; fileRef = F23187432BD2DFC300BABE40 /* Assets.xcassets */; };
		F23187472BD2DFC300BABE40 /* LaunchScreen.storyboard in Resources */ = {isa = PBXBuildFile; fileRef = F23187452BD2DFC300BABE40 /* LaunchScreen.storyboard */; };
		F23187522BD2DFC400BABE40 /* IT21041648Tests.swift in Sources */ = {isa = PBXBuildFile; fileRef = F23187512BD2DFC400BABE40 /* IT21041648Tests.swift */; };
		F231875C2BD2DFC400BABE40 /* IT21041648UITests.swift in Sources */ = {isa = PBXBuildFile; fileRef = F231875B2BD2DFC400BABE40 /* IT21041648UITests.swift */; };
		F231875E2BD2DFC400BABE40 /* IT21041648UITestsLaunchTests.swift in Sources */ = {isa = PBXBuildFile; fileRef = F231875D2BD2DFC400BABE40 /* IT21041648UITestsLaunchTests.swift */; };
		F231876C2BD3285F00BABE40 /* Device+CoreDataClass.swift in Sources */ = {isa = PBXBuildFile; fileRef = F231876A2BD3285F00BABE40 /* Device+CoreDataClass.swift */; };
/* End PBXBuildFile section */

/* Begin PBXContainerItemProxy section */
		F231874E2BD2DFC400BABE40 /* PBXContainerItemProxy */ = {
			isa = PBXContainerItemProxy;
			containerPortal = F231872C2BD2DFC100BABE40 /* Project object */;
			proxyType = 1;
			remoteGlobalIDString = F23187332BD2DFC100BABE40;
			remoteInfo = IT21041648;
		};
		F23187582BD2DFC400BABE40 /* PBXContainerItemProxy */ = {
			isa = PBXContainerItemProxy;
			containerPortal = F231872C2BD2DFC100BABE40 /* Project object */;
			proxyType = 1;
			remoteGlobalIDString = F23187332BD2DFC100BABE40;
			remoteInfo = IT21041648;
		};
/* End PBXContainerItemProxy section */

/* Begin PBXFileReference section */
		F23187342BD2DFC100BABE40 /* IT21041648.app */ = {isa = PBXFileReference; explicitFileType = wrapper.application; includeInIndex = 0; path = IT21041648.app; sourceTree = BUILT_PRODUCTS_DIR; };
		F23187372BD2DFC100BABE40 /* AppDelegate.swift */ = {isa = PBXFileReference; lastKnownFileType = sourcecode.swift; path = AppDelegate.swift; sourceTree = "<group>"; };
		F23187392BD2DFC100BABE40 /* SceneDelegate.swift */ = {isa = PBXFileReference; lastKnownFileType = sourcecode.swift; path = SceneDelegate.swift; sourceTree = "<group>"; };
		F231873B2BD2DFC100BABE40 /* ViewController.swift */ = {isa = PBXFileReference; lastKnownFileType = sourcecode.swift; path = ViewController.swift; sourceTree = "<group>"; };
		F231873E2BD2DFC100BABE40 /* Base */ = {isa = PBXFileReference; lastKnownFileType = file.storyboard; name = Base; path = Base.lproj/Main.storyboard; sourceTree = "<group>"; };
		F23187412BD2DFC100BABE40 /* IT21041648.xcdatamodel */ = {isa = PBXFileReference; lastKnownFileType = wrapper.xcdatamodel; path = IT21041648.xcdatamodel; sourceTree = "<group>"; };
		F23187432BD2DFC300BABE40 /* Assets.xcassets */ = {isa = PBXFileReference; lastKnownFileType = folder.assetcatalog; path = Assets.xcassets; sourceTree = "<group>"; };
		F23187462BD2DFC300BABE40 /* Base */ = {isa = PBXFileReference; lastKnownFileType = file.storyboard; name = Base; path = Base.lproj/LaunchScreen.storyboard; sourceTree = "<group>"; };
		F23187482BD2DFC300BABE40 /* Info.plist */ = {isa = PBXFileReference; lastKnownFileType = text.plist.xml; path = Info.plist; sourceTree = "<group>"; };
		F231874D2BD2DFC400BABE40 /* IT21041648Tests.xctest */ = {isa = PBXFileReference; explicitFileType = wrapper.cfbundle; includeInIndex = 0; path = IT21041648Tests.xctest; sourceTree = BUILT_PRODUCTS_DIR; };
		F23187512BD2DFC400BABE40 /* IT21041648Tests.swift */ = {isa = PBXFileReference; lastKnownFileType = sourcecode.swift; path = IT21041648Tests.swift; sourceTree = "<group>"; };
		F23187572BD2DFC400BABE40 /* IT21041648UITests.xctest */ = {isa = PBXFileReference; explicitFileType = wrapper.cfbundle; includeInIndex = 0; path = IT21041648UITests.xctest; sourceTree = BUILT_PRODUCTS_DIR; };
		F231875B2BD2DFC400BABE40 /* IT21041648UITests.swift */ = {isa = PBXFileReference; lastKnownFileType = sourcecode.swift; path = IT21041648UITests.swift; sourceTree = "<group>"; };
		F231875D2BD2DFC400BABE40 /* IT21041648UITestsLaunchTests.swift */ = {isa = PBXFileReference; lastKnownFileType = sourcecode.swift; path = IT21041648UITestsLaunchTests.swift; sourceTree = "<group>"; };
		F231876A2BD3285F00BABE40 /* Device+CoreDataClass.swift */ = {isa = PBXFileReference; lastKnownFileType = sourcecode.swift; path = "Device+CoreDataClass.swift"; sourceTree = "<group>"; };
/* End PBXFileReference section */

/* Begin PBXFrameworksBuildPhase section */
		F23187312BD2DFC100BABE40 /* Frameworks */ = {
			isa = PBXFrameworksBuildPhase;
			buildActionMask = 2147483647;
			files = (
			);
			runOnlyForDeploymentPostprocessing = 0;
		};
		F231874A2BD2DFC400BABE40 /* Frameworks */ = {
			isa = PBXFrameworksBuildPhase;
			buildActionMask = 2147483647;
			files = (
			);
			runOnlyForDeploymentPostprocessing = 0;
		};
		F23187542BD2DFC400BABE40 /* Frameworks */ = {
			isa = PBXFrameworksBuildPhase;
			buildActionMask = 2147483647;
			files = (
			);
			runOnlyForDeploymentPostprocessing = 0;
		};
/* End PBXFrameworksBuildPhase section */

/* Begin PBXGroup section */
		F231872B2BD2DFC100BABE40 = {
			isa = PBXGroup;
			children = (
				F23187362BD2DFC100BABE40 /* IT21041648 */,
				F23187502BD2DFC400BABE40 /* IT21041648Tests */,
				F231875A2BD2DFC400BABE40 /* IT21041648UITests */,
				F23187352BD2DFC100BABE40 /* Products */,
			);
			sourceTree = "<group>";
		};
		F23187352BD2DFC100BABE40 /* Products */ = {
			isa = PBXGroup;
			children = (
				F23187342BD2DFC100BABE40 /* IT21041648.app */,
				F231874D2BD2DFC400BABE40 /* IT21041648Tests.xctest */,
				F23187572BD2DFC400BABE40 /* IT21041648UITests.xctest */,
			);
			name = Products;
			sourceTree = "<group>";
		};
		F23187362BD2DFC100BABE40 /* IT21041648 */ = {
			isa = PBXGroup;
			children = (
				F231876E2BD3287F00BABE40 /* Model */,
				F23187372BD2DFC100BABE40 /* AppDelegate.swift */,
				F23187392BD2DFC100BABE40 /* SceneDelegate.swift */,
				F231873B2BD2DFC100BABE40 /* ViewController.swift */,
				F231873D2BD2DFC100BABE40 /* Main.storyboard */,
				F23187432BD2DFC300BABE40 /* Assets.xcassets */,
				F23187452BD2DFC300BABE40 /* LaunchScreen.storyboard */,
				F23187482BD2DFC300BABE40 /* Info.plist */,
				F23187402BD2DFC100BABE40 /* IT21041648.xcdatamodeld */,
			);
			path = IT21041648;
			sourceTree = "<group>";
		};
		F23187502BD2DFC400BABE40 /* IT21041648Tests */ = {
			isa = PBXGroup;
			children = (
				F23187512BD2DFC400BABE40 /* IT21041648Tests.swift */,
			);
			path = IT21041648Tests;
			sourceTree = "<group>";
		};
		F231875A2BD2DFC400BABE40 /* IT21041648UITests */ = {
			isa = PBXGroup;
			children = (
				F231875B2BD2DFC400BABE40 /* IT21041648UITests.swift */,
				F231875D2BD2DFC400BABE40 /* IT21041648UITestsLaunchTests.swift */,
			);
			path = IT21041648UITests;
			sourceTree = "<group>";
		};
		F231876E2BD3287F00BABE40 /* Model */ = {
			isa = PBXGroup;
			children = (
				F231876A2BD3285F00BABE40 /* Device+CoreDataClass.swift */,
			);
			path = Model;
			sourceTree = "<group>";
		};
/* End PBXGroup section */

/* Begin PBXNativeTarget section */
		F23187332BD2DFC100BABE40 /* IT21041648 */ = {
			isa = PBXNativeTarget;
			buildConfigurationList = F23187612BD2DFC400BABE40 /* Build configuration list for PBXNativeTarget "IT21041648" */;
			buildPhases = (
				F23187302BD2DFC100BABE40 /* Sources */,
				F23187312BD2DFC100BABE40 /* Frameworks */,
				F23187322BD2DFC100BABE40 /* Resources */,
			);
			buildRules = (
			);
			dependencies = (
			);
			name = IT21041648;
			productName = IT21041648;
			productReference = F23187342BD2DFC100BABE40 /* IT21041648.app */;
			productType = "com.apple.product-type.application";
		};
		F231874C2BD2DFC400BABE40 /* IT21041648Tests */ = {
			isa = PBXNativeTarget;
			buildConfigurationList = F23187642BD2DFC400BABE40 /* Build configuration list for PBXNativeTarget "IT21041648Tests" */;
			buildPhases = (
				F23187492BD2DFC400BABE40 /* Sources */,
				F231874A2BD2DFC400BABE40 /* Frameworks */,
				F231874B2BD2DFC400BABE40 /* Resources */,
			);
			buildRules = (
			);
			dependencies = (
				F231874F2BD2DFC400BABE40 /* PBXTargetDependency */,
			);
			name = IT21041648Tests;
			productName = IT21041648Tests;
			productReference = F231874D2BD2DFC400BABE40 /* IT21041648Tests.xctest */;
			productType = "com.apple.product-type.bundle.unit-test";
		};
		F23187562BD2DFC400BABE40 /* IT21041648UITests */ = {
			isa = PBXNativeTarget;
			buildConfigurationList = F23187672BD2DFC400BABE40 /* Build configuration list for PBXNativeTarget "IT21041648UITests" */;
			buildPhases = (
				F23187532BD2DFC400BABE40 /* Sources */,
				F23187542BD2DFC400BABE40 /* Frameworks */,
				F23187552BD2DFC400BABE40 /* Resources */,
			);
			buildRules = (
			);
			dependencies = (
				F23187592BD2DFC400BABE40 /* PBXTargetDependency */,
			);
			name = IT21041648UITests;
			productName = IT21041648UITests;
			productReference = F23187572BD2DFC400BABE40 /* IT21041648UITests.xctest */;
			productType = "com.apple.product-type.bundle.ui-testing";
		};
/* End PBXNativeTarget section */

/* Begin PBXProject section */
		F231872C2BD2DFC100BABE40 /* Project object */ = {
			isa = PBXProject;
			attributes = {
				BuildIndependentTargetsInParallel = 1;
				LastSwiftUpdateCheck = 1510;
				LastUpgradeCheck = 1510;
				TargetAttributes = {
					F23187332BD2DFC100BABE40 = {
						CreatedOnToolsVersion = 15.1;
					};
					F231874C2BD2DFC400BABE40 = {
						CreatedOnToolsVersion = 15.1;
						TestTargetID = F23187332BD2DFC100BABE40;
					};
					F23187562BD2DFC400BABE40 = {
						CreatedOnToolsVersion = 15.1;
						TestTargetID = F23187332BD2DFC100BABE40;
					};
				};
			};
			buildConfigurationList = F231872F2BD2DFC100BABE40 /* Build configuration list for PBXProject "IT21041648" */;
			compatibilityVersion = "Xcode 14.0";
			developmentRegion = en;
			hasScannedForEncodings = 0;
			knownRegions = (
				en,
				Base,
			);
			mainGroup = F231872B2BD2DFC100BABE40;
			productRefGroup = F23187352BD2DFC100BABE40 /* Products */;
			projectDirPath = "";
			projectRoot = "";
			targets = (
				F23187332BD2DFC100BABE40 /* IT21041648 */,
				F231874C2BD2DFC400BABE40 /* IT21041648Tests */,
				F23187562BD2DFC400BABE40 /* IT21041648UITests */,
			);
		};
/* End PBXProject section */

/* Begin PBXResourcesBuildPhase section */
		F23187322BD2DFC100BABE40 /* Resources */ = {
			isa = PBXResourcesBuildPhase;
			buildActionMask = 2147483647;
			files = (
				F23187472BD2DFC300BABE40 /* LaunchScreen.storyboard in Resources */,
				F23187442BD2DFC300BABE40 /* Assets.xcassets in Resources */,
				F231873F2BD2DFC100BABE40 /* Main.storyboard in Resources */,
			);
			runOnlyForDeploymentPostprocessing = 0;
		};
		F231874B2BD2DFC400BABE40 /* Resources */ = {
			isa = PBXResourcesBuildPhase;
			buildActionMask = 2147483647;
			files = (
			);
			runOnlyForDeploymentPostprocessing = 0;
		};
		F23187552BD2DFC400BABE40 /* Resources */ = {
			isa = PBXResourcesBuildPhase;
			buildActionMask = 2147483647;
			files = (
			);
			runOnlyForDeploymentPostprocessing = 0;
		};
/* End PBXResourcesBuildPhase section */

/* Begin PBXSourcesBuildPhase section */
		F23187302BD2DFC100BABE40 /* Sources */ = {
			isa = PBXSourcesBuildPhase;
			buildActionMask = 2147483647;
			files = (
				F231873C2BD2DFC100BABE40 /* ViewController.swift in Sources */,
				F23187382BD2DFC100BABE40 /* AppDelegate.swift in Sources */,
				F23187422BD2DFC100BABE40 /* IT21041648.xcdatamodeld in Sources */,
				F231873A2BD2DFC100BABE40 /* SceneDelegate.swift in Sources */,
				F231876C2BD3285F00BABE40 /* Device+CoreDataClass.swift in Sources */,
			);
			runOnlyForDeploymentPostprocessing = 0;
		};
		F23187492BD2DFC400BABE40 /* Sources */ = {
			isa = PBXSourcesBuildPhase;
			buildActionMask = 2147483647;
			files = (
				F23187522BD2DFC400BABE40 /* IT21041648Tests.swift in Sources */,
			);
			runOnlyForDeploymentPostprocessing = 0;
		};
		F23187532BD2DFC400BABE40 /* Sources */ = {
			isa = PBXSourcesBuildPhase;
			buildActionMask = 2147483647;
			files = (
				F231875C2BD2DFC400BABE40 /* IT21041648UITests.swift in Sources */,
				F231875E2BD2DFC400BABE40 /* IT21041648UITestsLaunchTests.swift in Sources */,
			);
			runOnlyForDeploymentPostprocessing = 0;
		};
/* End PBXSourcesBuildPhase section */

/* Begin PBXTargetDependency section */
		F231874F2BD2DFC400BABE40 /* PBXTargetDependency */ = {
			isa = PBXTargetDependency;
			target = F23187332BD2DFC100BABE40 /* IT21041648 */;
			targetProxy = F231874E2BD2DFC400BABE40 /* PBXContainerItemProxy */;
		};
		F23187592BD2DFC400BABE40 /* PBXTargetDependency */ = {
			isa = PBXTargetDependency;
			target = F23187332BD2DFC100BABE40 /* IT21041648 */;
			targetProxy = F23187582BD2DFC400BABE40 /* PBXContainerItemProxy */;
		};
/* End PBXTargetDependency section */

/* Begin PBXVariantGroup section */
		F231873D2BD2DFC100BABE40 /* Main.storyboard */ = {
			isa = PBXVariantGroup;
			children = (
				F231873E2BD2DFC100BABE40 /* Base */,
			);
			name = Main.storyboard;
			sourceTree = "<group>";
		};
		F23187452BD2DFC300BABE40 /* LaunchScreen.storyboard */ = {
			isa = PBXVariantGroup;
			children = (
				F23187462BD2DFC300BABE40 /* Base */,
			);
			name = LaunchScreen.storyboard;
			sourceTree = "<group>";
		};
/* End PBXVariantGroup section */

/* Begin XCBuildConfiguration section */
		F231875F2BD2DFC400BABE40 /* Debug */ = {
			isa = XCBuildConfiguration;
			buildSettings = {
				ALWAYS_SEARCH_USER_PATHS = NO;
				ASSETCATALOG_COMPILER_GENERATE_SWIFT_ASSET_SYMBOL_EXTENSIONS = YES;
				CLANG_ANALYZER_NONNULL = YES;
				CLANG_ANALYZER_NUMBER_OBJECT_CONVERSION = YES_AGGRESSIVE;
				CLANG_CXX_LANGUAGE_STANDARD = "gnu++20";
				CLANG_ENABLE_MODULES = YES;
				CLANG_ENABLE_OBJC_ARC = YES;
				CLANG_ENABLE_OBJC_WEAK = YES;
				CLANG_WARN_BLOCK_CAPTURE_AUTORELEASING = YES;
				CLANG_WARN_BOOL_CONVERSION = YES;
				CLANG_WARN_COMMA = YES;
				CLANG_WARN_CONSTANT_CONVERSION = YES;
				CLANG_WARN_DEPRECATED_OBJC_IMPLEMENTATIONS = YES;
				CLANG_WARN_DIRECT_OBJC_ISA_USAGE = YES_ERROR;
				CLANG_WARN_DOCUMENTATION_COMMENTS = YES;
				CLANG_WARN_EMPTY_BODY = YES;
				CLANG_WARN_ENUM_CONVERSION = YES;
				CLANG_WARN_INFINITE_RECURSION = YES;
				CLANG_WARN_INT_CONVERSION = YES;
				CLANG_WARN_NON_LITERAL_NULL_CONVERSION = YES;
				CLANG_WARN_OBJC_IMPLICIT_RETAIN_SELF = YES;
				CLANG_WARN_OBJC_LITERAL_CONVERSION = YES;
				CLANG_WARN_OBJC_ROOT_CLASS = YES_ERROR;
				CLANG_WARN_QUOTED_INCLUDE_IN_FRAMEWORK_HEADER = YES;
				CLANG_WARN_RANGE_LOOP_ANALYSIS = YES;
				CLANG_WARN_STRICT_PROTOTYPES = YES;
				CLANG_WARN_SUSPICIOUS_MOVE = YES;
				CLANG_WARN_UNGUARDED_AVAILABILITY = YES_AGGRESSIVE;
				CLANG_WARN_UNREACHABLE_CODE = YES;
				CLANG_WARN__DUPLICATE_METHOD_MATCH = YES;
				COPY_PHASE_STRIP = NO;
				DEBUG_INFORMATION_FORMAT = dwarf;
				ENABLE_STRICT_OBJC_MSGSEND = YES;
				ENABLE_TESTABILITY = YES;
				ENABLE_USER_SCRIPT_SANDBOXING = YES;
				GCC_C_LANGUAGE_STANDARD = gnu17;
				GCC_DYNAMIC_NO_PIC = NO;
				GCC_NO_COMMON_BLOCKS = YES;
				GCC_OPTIMIZATION_LEVEL = 0;
				GCC_PREPROCESSOR_DEFINITIONS = (
					"DEBUG=1",
					"$(inherited)",
				);
				GCC_WARN_64_TO_32_BIT_CONVERSION = YES;
				GCC_WARN_ABOUT_RETURN_TYPE = YES_ERROR;
				GCC_WARN_UNDECLARED_SELECTOR = YES;
				GCC_WARN_UNINITIALIZED_AUTOS = YES_AGGRESSIVE;
				GCC_WARN_UNUSED_FUNCTION = YES;
				GCC_WARN_UNUSED_VARIABLE = YES;
				IPHONEOS_DEPLOYMENT_TARGET = 17.2;
				LOCALIZATION_PREFERS_STRING_CATALOGS = YES;
				MTL_ENABLE_DEBUG_INFO = INCLUDE_SOURCE;
				MTL_FAST_MATH = YES;
				ONLY_ACTIVE_ARCH = YES;
				SDKROOT = iphoneos;
				SWIFT_ACTIVE_COMPILATION_CONDITIONS = "DEBUG $(inherited)";
				SWIFT_OPTIMIZATION_LEVEL = "-Onone";
			};
			name = Debug;
		};
		F23187602BD2DFC400BABE40 /* Release */ = {
			isa = XCBuildConfiguration;
			buildSettings = {
				ALWAYS_SEARCH_USER_PATHS = NO;
				ASSETCATALOG_COMPILER_GENERATE_SWIFT_ASSET_SYMBOL_EXTENSIONS = YES;
				CLANG_ANALYZER_NONNULL = YES;
				CLANG_ANALYZER_NUMBER_OBJECT_CONVERSION = YES_AGGRESSIVE;
				CLANG_CXX_LANGUAGE_STANDARD = "gnu++20";
				CLANG_ENABLE_MODULES = YES;
				CLANG_ENABLE_OBJC_ARC = YES;
				CLANG_ENABLE_OBJC_WEAK = YES;
				CLANG_WARN_BLOCK_CAPTURE_AUTORELEASING = YES;
				CLANG_WARN_BOOL_CONVERSION = YES;
				CLANG_WARN_COMMA = YES;
				CLANG_WARN_CONSTANT_CONVERSION = YES;
				CLANG_WARN_DEPRECATED_OBJC_IMPLEMENTATIONS = YES;
				CLANG_WARN_DIRECT_OBJC_ISA_USAGE = YES_ERROR;
				CLANG_WARN_DOCUMENTATION_COMMENTS = YES;
				CLANG_WARN_EMPTY_BODY = YES;
				CLANG_WARN_ENUM_CONVERSION = YES;
				CLANG_WARN_INFINITE_RECURSION = YES;
				CLANG_WARN_INT_CONVERSION = YES;
				CLANG_WARN_NON_LITERAL_NULL_CONVERSION = YES;
				CLANG_WARN_OBJC_IMPLICIT_RETAIN_SELF = YES;
				CLANG_WARN_OBJC_LITERAL_CONVERSION = YES;
				CLANG_WARN_OBJC_ROOT_CLASS = YES_ERROR;
				CLANG_WARN_QUOTED_INCLUDE_IN_FRAMEWORK_HEADER = YES;
				CLANG_WARN_RANGE_LOOP_ANALYSIS = YES;
				CLANG_WARN_STRICT_PROTOTYPES = YES;
				CLANG_WARN_SUSPICIOUS_MOVE = YES;
				CLANG_WARN_UNGUARDED_AVAILABILITY = YES_AGGRESSIVE;
				CLANG_WARN_UNREACHABLE_CODE = YES;
				CLANG_WARN__DUPLICATE_METHOD_MATCH = YES;
				COPY_PHASE_STRIP = NO;
				DEBUG_INFORMATION_FORMAT = "dwarf-with-dsym";
				ENABLE_NS_ASSERTIONS = NO;
				ENABLE_STRICT_OBJC_MSGSEND = YES;
				ENABLE_USER_SCRIPT_SANDBOXING = YES;
				GCC_C_LANGUAGE_STANDARD = gnu17;
				GCC_NO_COMMON_BLOCKS = YES;
				GCC_WARN_64_TO_32_BIT_CONVERSION = YES;
				GCC_WARN_ABOUT_RETURN_TYPE = YES_ERROR;
				GCC_WARN_UNDECLARED_SELECTOR = YES;
				GCC_WARN_UNINITIALIZED_AUTOS = YES_AGGRESSIVE;
				GCC_WARN_UNUSED_FUNCTION = YES;
				GCC_WARN_UNUSED_VARIABLE = YES;
				IPHONEOS_DEPLOYMENT_TARGET = 17.2;
				LOCALIZATION_PREFERS_STRING_CATALOGS = YES;
				MTL_ENABLE_DEBUG_INFO = NO;
				MTL_FAST_MATH = YES;
				SDKROOT = iphoneos;
				SWIFT_COMPILATION_MODE = wholemodule;
				VALIDATE_PRODUCT = YES;
			};
			name = Release;
		};
		F23187622BD2DFC400BABE40 /* Debug */ = {
			isa = XCBuildConfiguration;
			buildSettings = {
				ASSETCATALOG_COMPILER_APPICON_NAME = AppIcon;
				ASSETCATALOG_COMPILER_GLOBAL_ACCENT_COLOR_NAME = AccentColor;
				CODE_SIGN_STYLE = Automatic;
				CURRENT_PROJECT_VERSION = 1;
				GENERATE_INFOPLIST_FILE = YES;
				INFOPLIST_FILE = IT21041648/Info.plist;
				INFOPLIST_KEY_UIApplicationSupportsIndirectInputEvents = YES;
				INFOPLIST_KEY_UILaunchStoryboardName = LaunchScreen;
				INFOPLIST_KEY_UIMainStoryboardFile = Main;
				INFOPLIST_KEY_UISupportedInterfaceOrientations_iPad = "UIInterfaceOrientationPortrait UIInterfaceOrientationPortraitUpsideDown UIInterfaceOrientationLandscapeLeft UIInterfaceOrientationLandscapeRight";
				INFOPLIST_KEY_UISupportedInterfaceOrientations_iPhone = "UIInterfaceOrientationPortrait UIInterfaceOrientationLandscapeLeft UIInterfaceOrientationLandscapeRight";
				LD_RUNPATH_SEARCH_PATHS = (
					"$(inherited)",
					"@executable_path/Frameworks",
				);
				MARKETING_VERSION = 1.0;
				PRODUCT_BUNDLE_IDENTIFIER = MADD.IT21041648;
				PRODUCT_NAME = "$(TARGET_NAME)";
				SWIFT_EMIT_LOC_STRINGS = YES;
				SWIFT_VERSION = 5.0;
				TARGETED_DEVICE_FAMILY = "1,2";
			};
			name = Debug;
		};
		F23187632BD2DFC400BABE40 /* Release */ = {
			isa = XCBuildConfiguration;
			buildSettings = {
				ASSETCATALOG_COMPILER_APPICON_NAME = AppIcon;
				ASSETCATALOG_COMPILER_GLOBAL_ACCENT_COLOR_NAME = AccentColor;
				CODE_SIGN_STYLE = Automatic;
				CURRENT_PROJECT_VERSION = 1;
				GENERATE_INFOPLIST_FILE = YES;
				INFOPLIST_FILE = IT21041648/Info.plist;
				INFOPLIST_KEY_UIApplicationSupportsIndirectInputEvents = YES;
				INFOPLIST_KEY_UILaunchStoryboardName = LaunchScreen;
				INFOPLIST_KEY_UIMainStoryboardFile = Main;
				INFOPLIST_KEY_UISupportedInterfaceOrientations_iPad = "UIInterfaceOrientationPortrait UIInterfaceOrientationPortraitUpsideDown UIInterfaceOrientationLandscapeLeft UIInterfaceOrientationLandscapeRight";
				INFOPLIST_KEY_UISupportedInterfaceOrientations_iPhone = "UIInterfaceOrientationPortrait UIInterfaceOrientationLandscapeLeft UIInterfaceOrientationLandscapeRight";
				LD_RUNPATH_SEARCH_PATHS = (
					"$(inherited)",
					"@executable_path/Frameworks",
				);
				MARKETING_VERSION = 1.0;
				PRODUCT_BUNDLE_IDENTIFIER = MADD.IT21041648;
				PRODUCT_NAME = "$(TARGET_NAME)";
				SWIFT_EMIT_LOC_STRINGS = YES;
				SWIFT_VERSION = 5.0;
				TARGETED_DEVICE_FAMILY = "1,2";
			};
			name = Release;
		};
		F23187652BD2DFC400BABE40 /* Debug */ = {
			isa = XCBuildConfiguration;
			buildSettings = {
				ALWAYS_EMBED_SWIFT_STANDARD_LIBRARIES = YES;
				BUNDLE_LOADER = "$(TEST_HOST)";
				CODE_SIGN_STYLE = Automatic;
				CURRENT_PROJECT_VERSION = 1;
				GENERATE_INFOPLIST_FILE = YES;
				IPHONEOS_DEPLOYMENT_TARGET = 17.2;
				MARKETING_VERSION = 1.0;
				PRODUCT_BUNDLE_IDENTIFIER = MADD.IT21041648Tests;
				PRODUCT_NAME = "$(TARGET_NAME)";
				SWIFT_EMIT_LOC_STRINGS = NO;
				SWIFT_VERSION = 5.0;
				TARGETED_DEVICE_FAMILY = "1,2";
				TEST_HOST = "$(BUILT_PRODUCTS_DIR)/IT21041648.app/$(BUNDLE_EXECUTABLE_FOLDER_PATH)/IT21041648";
			};
			name = Debug;
		};
		F23187662BD2DFC400BABE40 /* Release */ = {
			isa = XCBuildConfiguration;
			buildSettings = {
				ALWAYS_EMBED_SWIFT_STANDARD_LIBRARIES = YES;
				BUNDLE_LOADER = "$(TEST_HOST)";
				CODE_SIGN_STYLE = Automatic;
				CURRENT_PROJECT_VERSION = 1;
				GENERATE_INFOPLIST_FILE = YES;
				IPHONEOS_DEPLOYMENT_TARGET = 17.2;
				MARKETING_VERSION = 1.0;
				PRODUCT_BUNDLE_IDENTIFIER = MADD.IT21041648Tests;
				PRODUCT_NAME = "$(TARGET_NAME)";
				SWIFT_EMIT_LOC_STRINGS = NO;
				SWIFT_VERSION = 5.0;
				TARGETED_DEVICE_FAMILY = "1,2";
				TEST_HOST = "$(BUILT_PRODUCTS_DIR)/IT21041648.app/$(BUNDLE_EXECUTABLE_FOLDER_PATH)/IT21041648";
			};
			name = Release;
		};
		F23187682BD2DFC400BABE40 /* Debug */ = {
			isa = XCBuildConfiguration;
			buildSettings = {
				ALWAYS_EMBED_SWIFT_STANDARD_LIBRARIES = YES;
				CODE_SIGN_STYLE = Automatic;
				CURRENT_PROJECT_VERSION = 1;
				GENERATE_INFOPLIST_FILE = YES;
				MARKETING_VERSION = 1.0;
				PRODUCT_BUNDLE_IDENTIFIER = MADD.IT21041648UITests;
				PRODUCT_NAME = "$(TARGET_NAME)";
				SWIFT_EMIT_LOC_STRINGS = NO;
				SWIFT_VERSION = 5.0;
				TARGETED_DEVICE_FAMILY = "1,2";
				TEST_TARGET_NAME = IT21041648;
			};
			name = Debug;
		};
		F23187692BD2DFC400BABE40 /* Release */ = {
			isa = XCBuildConfiguration;
			buildSettings = {
				ALWAYS_EMBED_SWIFT_STANDARD_LIBRARIES = YES;
				CODE_SIGN_STYLE = Automatic;
				CURRENT_PROJECT_VERSION = 1;
				GENERATE_INFOPLIST_FILE = YES;
				MARKETING_VERSION = 1.0;
				PRODUCT_BUNDLE_IDENTIFIER = MADD.IT21041648UITests;
				PRODUCT_NAME = "$(TARGET_NAME)";
				SWIFT_EMIT_LOC_STRINGS = NO;
				SWIFT_VERSION = 5.0;
				TARGETED_DEVICE_FAMILY = "1,2";
				TEST_TARGET_NAME = IT21041648;
			};
			name = Release;
		};
/* End XCBuildConfiguration section */

/* Begin XCConfigurationList section */
		F231872F2BD2DFC100BABE40 /* Build configuration list for PBXProject "IT21041648" */ = {
			isa = XCConfigurationList;
			buildConfigurations = (
				F231875F2BD2DFC400BABE40 /* Debug */,
				F23187602BD2DFC400BABE40 /* Release */,
			);
			defaultConfigurationIsVisible = 0;
			defaultConfigurationName = Release;
		};
		F23187612BD2DFC400BABE40 /* Build configuration list for PBXNativeTarget "IT21041648" */ = {
			isa = XCConfigurationList;
			buildConfigurations = (
				F23187622BD2DFC400BABE40 /* Debug */,
				F23187632BD2DFC400BABE40 /* Release */,
			);
			defaultConfigurationIsVisible = 0;
			defaultConfigurationName = Release;
		};
		F23187642BD2DFC400BABE40 /* Build configuration list for PBXNativeTarget "IT21041648Tests" */ = {
			isa = XCConfigurationList;
			buildConfigurations = (
				F23187652BD2DFC400BABE40 /* Debug */,
				F23187662BD2DFC400BABE40 /* Release */,
			);
			defaultConfigurationIsVisible = 0;
			defaultConfigurationName = Release;
		};
		F23187672BD2DFC400BABE40 /* Build configuration list for PBXNativeTarget "IT21041648UITests" */ = {
			isa = XCConfigurationList;
			buildConfigurations = (
				F23187682BD2DFC400BABE40 /* Debug */,
				F23187692BD2DFC400BABE40 /* Release */,
			);
			defaultConfigurationIsVisible = 0;
			defaultConfigurationName = Release;
		};
/* End XCConfigurationList section */

/* Begin XCVersionGroup section */
		F23187402BD2DFC100BABE40 /* IT21041648.xcdatamodeld */ = {
			isa = XCVersionGroup;
			children = (
				F23187412BD2DFC100BABE40 /* IT21041648.xcdatamodel */,
			);
			currentVersion = F23187412BD2DFC100BABE40 /* IT21041648.xcdatamodel */;
			path = IT21041648.xcdatamodeld;
			sourceTree = "<group>";
			versionGroupType = wrapper.xcdatamodel;
		};
/* End XCVersionGroup section */
	};
	rootObject = F231872C2BD2DFC100BABE40 /* Project object */;
}
